{"romkatv/powerlevel10k":{
  "url": "https://github.com/romkatv/powerlevel10k",
  "rev": "36f3045d69d1ba402db09d09eb12b42eebe0fa3b",
  "date": "2025-04-29T15:00:53+02:00",
  "path": "/nix/store/9mk6lyha9wxkmrhzd0xbz5dcpxrswc1i-powerlevel10k",
  "sha256": "1xjayg0qnm3pzi6ixydhql4w0l99h4wdfjgsi4b6ak50gwd744h5",
  "hash": "sha256-BRJyGn+gTGUWifpJ1ziBKVHACcWw+R5N/HdUi8HzSvY=",
  "fetchLFS": false,
  "fetchSubmodules": false,
  "deepClone": false,
  "fetchTags": false,
  "leaveDotGit": false,
  "rootDir": ""
}
,"MichaelAquilina/zsh-you-should-use":{
  "url": "https://github.com/MichaelAquilina/zsh-you-should-use",
  "rev": "64dd9e3ff977e4ae7d024602b2d9a7a4f05fd8f6",
  "date": "2025-07-10T16:32:01+01:00",
  "path": "/nix/store/bk2iqylrsll9l87idd72fln51hmbpp9b-zsh-you-should-use",
  "sha256": "14kjc449kkd1fswqlxdpz6a5vg6pyhab69qbw7kavhjyzy39nxmv",
  "hash": "sha256-u3abhv9ewq3m4QsnsxT017xdlPm3dYq5dqHNmQhhcpI=",
  "fetchLFS": false,
  "fetchSubmodules": false,
  "deepClone": false,
  "fetchTags": false,
  "leaveDotGit": false,
  "rootDir": ""
}
,"MichaelAquilina/zsh-auto-notify":{
  "url": "https://github.com/MichaelAquilina/zsh-auto-notify",
  "rev": "b51c934d88868e56c1d55d0a2a36d559f21cb2ee",
  "date": "2025-06-23T10:03:06+01:00",
  "path": "/nix/store/b30jnximdysnv144wxx1wrv0mc6fxqrl-zsh-auto-notify",
  "sha256": "1qcigpm1n6dxa7a4rm222g92vvbmp6j6s90462bni9nfql1c2x5k",
  "hash": "sha256-s3TBAsXOpmiXMAQkbaS5de0t0hNC1EzUUb0ZG+p9keE=",
  "fetchLFS": false,
  "fetchSubmodules": false,
  "deepClone": false,
  "fetchTags": false,
  "leaveDotGit": false,
  "rootDir": ""
}
,"zsh-users/zsh-syntax-highlighting":{
  "url": "https://github.com/zsh-users/zsh-syntax-highlighting",
  "rev": "5eb677bb0fa9a3e60f0eff031dc13926e093df92",
  "date": "2024-11-21T15:09:26Z",
  "path": "/nix/store/gmb0p2mfl6n7j73wf522d6vf7rqzmhij-zsh-syntax-highlighting",
  "sha256": "0ikvki79yv1gq7mdlkg1w990n68cfdg07kvhzmjxjp99mmhhd1r0",
  "hash": "sha256-IIcGYa0pXdll/XDPA15zDBkLUuLhTdrqwS9sn06ce0Y=",
  "fetchLFS": false,
  "fetchSubmodules": false,
  "deepClone": false,
  "fetchTags": false,
  "leaveDotGit": false,
  "rootDir": ""
}
,"zsh-users/zsh-autosuggestions":{
  "url": "https://github.com/zsh-users/zsh-autosuggestions",
  "rev": "85919cd1ffa7d2d5412f6d3fe437ebdbeeec4fc5",
  "date": "2025-06-24T10:15:03-06:00",
  "path": "/nix/store/nc4k7l04bh0lnbn53zbiakq8p97zl881-zsh-autosuggestions",
  "sha256": "1885w3crr503h5n039kmg199sikb1vw1fvaidwr21sj9mn01fs9a",
  "hash": "sha256-KmkXgK1J6iAyb1FtF/gOa0adUnh1pgFsgQOUnNngBaE=",
  "fetchLFS": false,
  "fetchSubmodules": false,
  "deepClone": false,
  "fetchTags": false,
  "leaveDotGit": false,
  "rootDir": ""
}
,"bilelmoussaoui/flatpak-zsh-completion":{
  "url": "https://github.com/bilelmoussaoui/flatpak-zsh-completion",
  "rev": "83ba8f1c8685c1aaf8f78bfe3065a402c8e66322",
  "date": "2024-10-03T22:08:43+02:00",
  "path": "/nix/store/a72alkzpfi7ryqylna0858641b0fmfvp-flatpak-zsh-completion",
  "sha256": "0dsifyrbhxv9ibxd8rb9cfcxbkpzfb14kvg9xl73dxfz71zl2zbb",
  "hash": "sha256-a31Bfzjf9TYO7entScJy/87VmWNpZdT6iml3uLJ3UTc=",
  "fetchLFS": false,
  "fetchSubmodules": false,
  "deepClone": false,
  "fetchTags": false,
  "leaveDotGit": false,
  "rootDir": ""
}
,"nix-community/nix-zsh-completions":{
  "url": "https://github.com/nix-community/nix-zsh-completions",
  "rev": "8a188a73a1be7932fae12efc74b2b812d09fdba7",
  "date": "2025-06-09T16:46:09Z",
  "path": "/nix/store/m7qwbjv3ivmykjr0l3wjcidpkrblplq7-nix-zsh-completions",
  "sha256": "0mida84hlk246q8dvsi5qrw6j9jx1iykjd4yixfhzpkmlvsnx69i",
  "hash": "sha256-MZlu9aZ13g9dj540OX0MXSZpeMYl6t0QNkRMCglSLVY=",
  "fetchLFS": false,
  "fetchSubmodules": false,
  "deepClone": false,
  "fetchTags": false,
  "leaveDotGit": false,
  "rootDir": ""
}
,"chisui/zsh-nix-shell":{
  "url": "https://github.com/chisui/zsh-nix-shell",
  "rev": "82ca15e638cc208e6d8368e34a1625ed75e08f90",
  "date": "2023-12-31T14:16:33+01:00",
  "path": "/nix/store/88drvgphb2aj2dh7dbhx84n77fzyg8v6-zsh-nix-shell",
  "sha256": "1l99ayc9j9ns450blf4rs8511lygc2xvbhkg1xp791abcn8krn26",
  "hash": "sha256-Rtg8kWVLhXRuD2/Ctbtgz9MQCtKZOLpAIdommZhXKdE=",
  "fetchLFS": false,
  "fetchSubmodules": false,
  "deepClone": false,
  "fetchTags": false,
  "leaveDotGit": false,
  "rootDir": ""
}
,"zuxfoucault/colored-man-pages_mod":{
  "url": "https://github.com/zuxfoucault/colored-man-pages_mod",
  "rev": "6a01b132b2c34e8da7a410c45f44d213444de869",
  "date": "2016-12-22T12:17:39+08:00",
  "path": "/nix/store/dwkrxr7366mqjz5p16p4ack8xnd60i4b-colored-man-pages_mod",
  "sha256": "1pgf7k0gnpgpcv8p41g0b359sbgb7ixxdl0dnwz54fbjgn2si7sq",
  "hash": "sha256-WJ+ohX1yOVI+tw3Q1ns86y2dyljgBXLRZvdd+8A87t0=",
  "fetchLFS": false,
  "fetchSubmodules": false,
  "deepClone": false,
  "fetchTags": false,
  "leaveDotGit": false,
  "rootDir": ""
}
,"desyncr/auto-ls":{
  "url": "https://github.com/desyncr/auto-ls",
  "rev": "a7a7e6c16407a3c4a46319f5f111a827468a0943",
  "date": "2022-08-20T21:50:56+01:00",
  "path": "/nix/store/869321qlg3p85m229nd0xs5qfhpj6di4-auto-ls",
  "sha256": "15m7awvds6ljcgamj2nbhqmaddz667gk99q2wpym5skjilf1vc4w",
  "hash": "sha256-nLAdHI1y6lL95QKnNN8x5remKobLClnVY5Ia3TZXp5Y=",
  "fetchLFS": false,
  "fetchSubmodules": false,
  "deepClone": false,
  "fetchTags": false,
  "leaveDotGit": false,
  "rootDir": ""
}
,"thesola10/zsh-comma-assistant":{
  "url": "https://github.com/thesola10/zsh-comma-assistant",
  "rev": "0b641292b345e24161ed79d5d22a9091a3841545",
  "date": "2025-05-19T18:42:55+02:00",
  "path": "/nix/store/p4m9ya4q5yciy39vp1402j3vgr1987l4-zsh-comma-assistant",
  "sha256": "13bcbfswi5jia018lvzr4jk127pmipya4qcvgzpcv0rypqfh5l50",
  "hash": "sha256-oNACHb4+g83uf5thovyN9R4RpiT5b4oCUFGWyLVbbI0=",
  "fetchLFS": false,
  "fetchSubmodules": false,
  "deepClone": false,
  "fetchTags": false,
  "leaveDotGit": false,
  "rootDir": ""
}
,"robbyrussell/oh-my-zsh":{
  "url": "https://github.com/robbyrussell/oh-my-zsh",
  "rev": "8a4d6fc0a2b5586f093fb2b96b51e2141f643284",
  "date": "2025-11-16T09:09:09-03:00",
  "path": "/nix/store/3bh2s0pz9knnhj21xdn18f3w5wqhzwx1-oh-my-zsh",
  "sha256": "01sp5pbn7zqi30kpni6npbcp3jfs55gfcqqzlfa6mhd7djh4v3si",
  "hash": "sha256-UY9NoGynwWqUox9j5l4p2slx2brWRHsnGBH/Y9ctVwc=",
  "fetchLFS": false,
  "fetchSubmodules": false,
  "deepClone": false,
  "fetchTags": false,
  "leaveDotGit": false,
  "rootDir": ""
}
}